{
  "version": 3,
  "targets": {
    "net10.0/win-x64": {
      "dotnet-reportgenerator-globaltool/5.5.1": {
        "type": "package",
        "tools": {
          "tools/net10.0/any/DotNetConfig.dll": {},
          "tools/net10.0/any/DotnetToolSettings.xml": {},
          "tools/net10.0/any/McMaster.NETCore.Plugins.dll": {},
          "tools/net10.0/any/Microsoft.Extensions.Configuration.Abstractions.dll": {},
          "tools/net10.0/any/Microsoft.Extensions.Configuration.Binder.dll": {},
          "tools/net10.0/any/Microsoft.Extensions.Configuration.CommandLine.dll": {},
          "tools/net10.0/any/Microsoft.Extensions.Configuration.FileExtensions.dll": {},
          "tools/net10.0/any/Microsoft.Extensions.Configuration.Json.dll": {},
          "tools/net10.0/any/Microsoft.Extensions.Configuration.dll": {},
          "tools/net10.0/any/Microsoft.Extensions.FileProviders.Abstractions.dll": {},
          "tools/net10.0/any/Microsoft.Extensions.FileProviders.Physical.dll": {},
          "tools/net10.0/any/Microsoft.Extensions.FileSystemGlobbing.dll": {},
          "tools/net10.0/any/Microsoft.Extensions.ObjectPool.dll": {},
          "tools/net10.0/any/Microsoft.Extensions.Primitives.dll": {},
          "tools/net10.0/any/ReportGenerator.Core.dll": {},
          "tools/net10.0/any/ReportGenerator.Core.xml": {},
          "tools/net10.0/any/ReportGenerator.DotnetCorePluginLoader.dll": {},
          "tools/net10.0/any/ReportGenerator.DotnetCorePluginLoader.xml": {},
          "tools/net10.0/any/ReportGenerator.deps.json": {},
          "tools/net10.0/any/ReportGenerator.dll": {},
          "tools/net10.0/any/ReportGenerator.exe": {},
          "tools/net10.0/any/ReportGenerator.runtimeconfig.json": {},
          "tools/net10.0/any/appsettings.json": {}
        }
      }
    }
  },
  "libraries": {},
  "projectFileDependencyGroups": {}
}