
Microsoft Visual Studio Solution File, Format Version 12.00
# Visual Studio Version 18
VisualStudioVersion = 18.0.11205.157
MinimumVisualStudioVersion = 10.0.40219.1
Project("{FAE04EC0-301F-11D3-BF4B-00C04F79EFBC}") = "Electra.Actors", "Electra.Actors\Electra.Actors.csproj", "{B139FDFB-1F5C-4805-80A0-3679FD20671A}"
EndProject
Project("{FAE04EC0-301F-11D3-BF4B-00C04F79EFBC}") = "Electra.Components", "Electra.Components\Electra.Components.csproj", "{098B729F-3305-42BA-B838-DD0718CD1155}"
EndProject
Project("{FAE04EC0-301F-11D3-BF4B-00C04F79EFBC}") = "Electra.Common", "Electra.Common\Electra.Common.csproj", "{10FF7197-7DD5-4F12-A64D-A36129C540A8}"
EndProject
Project("{FAE04EC0-301F-11D3-BF4B-00C04F79EFBC}") = "Electra.Caching", "Electra.Caching\Electra.Caching.csproj", "{BF8FC3E5-6FAE-43DC-B748-4366ECC8B0D3}"
EndProject
Project("{FAE04EC0-301F-11D3-BF4B-00C04F79EFBC}") = "Electra.Core", "Electra.Core\Electra.Core.csproj", "{AD9D9B85-E310-4813-B6A8-663F8F7E6676}"
EndProject
Project("{FAE04EC0-301F-11D3-BF4B-00C04F79EFBC}") = "Electra.Models", "Electra.Models\Electra.Models.csproj", "{A992EDB3-E4AF-441A-8378-7F3E8266CAA1}"
EndProject
Project("{FAE04EC0-301F-11D3-BF4B-00C04F79EFBC}") = "Electra.Persistence", "Electra.Persistence\Electra.Persistence.csproj", "{AE7E034E-8BF0-4811-8B0E-4500F52698EB}"
EndProject
Project("{FAE04EC0-301F-11D3-BF4B-00C04F79EFBC}") = "Electra.Persistence.Marten", "Electra.Persistence.Marten\Electra.Persistence.Marten.csproj", "{2136B797-0EB2-45FB-967B-DEF59D108114}"
EndProject
Project("{FAE04EC0-301F-11D3-BF4B-00C04F79EFBC}") = "Electra.Services", "Electra.Services\Electra.Services.csproj", "{5EB8A58D-EEE1-4603-8EBA-43BE54B5E8F0}"
EndProject
Project("{FAE04EC0-301F-11D3-BF4B-00C04F79EFBC}") = "Electra.SignalR", "Electra.SignalR\Electra.SignalR.csproj", "{509C8893-DE51-4B8B-B118-2DA781ECDEAE}"
EndProject
Project("{FAE04EC0-301F-11D3-BF4B-00C04F79EFBC}") = "Electra.Validators", "Electra.Validators\Electra.Validators.csproj", "{39B30119-5125-4470-8F5F-85761B60913A}"
EndProject
Project("{FAE04EC0-301F-11D3-BF4B-00C04F79EFBC}") = "Electra.Web", "Electra.Web\Electra.Web.csproj", "{0A7F8E80-5251-4D06-9FAB-EC49B66F3BF8}"
EndProject
Project("{FAE04EC0-301F-11D3-BF4B-00C04F79EFBC}") = "Electra.Workflows", "Electra.Workflows\Electra.Workflows.csproj", "{793B4AEB-4AC5-4609-884B-F727149AEF11}"
EndProject
Project("{FAE04EC0-301F-11D3-BF4B-00C04F79EFBC}") = "Electra.Validators.Tests", "Electra.Validators.Tests\Electra.Validators.Tests.csproj", "{BBC4614F-9008-4A7D-8925-A8BE5C7773AB}"
EndProject
Project("{FAE04EC0-301F-11D3-BF4B-00C04F79EFBC}") = "Electra.SendGrid.Tests", "Electra.SendGrid.Tests\Electra.SendGrid.Tests.csproj", "{493C3A32-8E53-47F2-846E-5B9D5C327326}"
EndProject
Project("{2150E333-8FDC-42A3-9474-1A3956D46DE8}") = "__Misc__", "__Misc__", "{5CA74167-2E23-4B0D-B323-A5FDFF5CA644}"
	ProjectSection(SolutionItems) = preProject
		.dockerignore = .dockerignore
		.gitignore = .gitignore
		appx-deploy.sh = appx-deploy.sh
		appx-ubuntu-install.sh = appx-ubuntu-install.sh
		appx.conf = appx.conf
		appx.service = appx.service
		..\CLAUDE.md = ..\CLAUDE.md
		..\clean.cs = ..\clean.cs
		clean.ps1 = clean.ps1
		DB_Init.sql = DB_Init.sql
		Directory.Build.props = Directory.Build.props
		docker-compose.yml = docker-compose.yml
		Dockerfile = Dockerfile
		garnet.conf.dev = garnet.conf.dev
		GEMINI.md = GEMINI.md
		nuget-publish.sh = nuget-publish.sh
		nuget-update.sh = nuget-update.sh
		NuGet.Config = NuGet.Config
		pack.sh = pack.sh
		..\README.md = ..\README.md
		rm-bin-obj.sh = rm-bin-obj.sh
		rm-vscode.sh = rm-vscode.sh
		run-migrations.ps1 = run-migrations.ps1
		..\submod.cs = ..\submod.cs
		update-database.ps1 = update-database.ps1
		upgrade-packages.ps1 = upgrade-packages.ps1
		..\upgrade.cs = ..\upgrade.cs
		upgrade.ps1 = upgrade.ps1
	EndProjectSection
EndProject
Project("{2150E333-8FDC-42A3-9474-1A3956D46DE8}") = "Tests", "Tests", "{09F2C056-7069-4502-B195-CB6AB74AE86D}"
EndProject
Project("{FAE04EC0-301F-11D3-BF4B-00C04F79EFBC}") = "Electra.Events", "Electra.Events\Electra.Events.csproj", "{AE4004A1-4810-4E6E-8ACB-F2A02AB493C8}"
EndProject
Project("{2150E333-8FDC-42A3-9474-1A3956D46DE8}") = "Solnet", "Solnet", "{5C26607E-528E-429D-842B-E2015FDBEDCF}"
EndProject
Project("{FAE04EC0-301F-11D3-BF4B-00C04F79EFBC}") = "Solnet.Wallet", "D:\proj\microbians\Electra\Solnet\src\Solnet.Wallet\Solnet.Wallet.csproj", "{9E6B1607-00E6-4E49-B331-C7F95EBF69A5}"
EndProject
Project("{FAE04EC0-301F-11D3-BF4B-00C04F79EFBC}") = "Solnet.KeyStore", "D:\proj\microbians\Electra\Solnet\src\Solnet.KeyStore\Solnet.KeyStore.csproj", "{D803796E-C3D6-4A74-A204-A2C0B5B8A64F}"
EndProject
Project("{FAE04EC0-301F-11D3-BF4B-00C04F79EFBC}") = "Solnet.Extensions", "D:\proj\microbians\Electra\Solnet\src\Solnet.Extensions\Solnet.Extensions.csproj", "{1D793C7F-6BDD-4901-BD34-364ACB3EA18E}"
EndProject
Project("{FAE04EC0-301F-11D3-BF4B-00C04F79EFBC}") = "Solnet.Programs", "D:\proj\microbians\Electra\Solnet\src\Solnet.Programs\Solnet.Programs.csproj", "{9973141C-A84A-4F9D-BEC1-96BC8A9E37AA}"
EndProject
Project("{FAE04EC0-301F-11D3-BF4B-00C04F79EFBC}") = "Solnet.Rpc", "D:\proj\microbians\Electra\Solnet\src\Solnet.Rpc\Solnet.Rpc.csproj", "{3C43F37A-527B-49FD-B710-BC6D43F59D8F}"
EndProject
Project("{FAE04EC0-301F-11D3-BF4B-00C04F79EFBC}") = "Solnet.Raydium", "D:\proj\microbians\Electra\Solnet.Raydium\Solnet.Raydium\Solnet.Raydium.csproj", "{BFB3D72D-45CD-4967-B6B9-236F80E412FF}"
EndProject
Project("{FAE04EC0-301F-11D3-BF4B-00C04F79EFBC}") = "Solnet.Pyth", "D:\proj\microbians\Electra\Solnet.Pyth\Solnet.Pyth\Solnet.Pyth.csproj", "{0533F6DF-88AA-4709-AC81-A511F0CD0B30}"
EndProject
Project("{FAE04EC0-301F-11D3-BF4B-00C04F79EFBC}") = "Solnet.Metaplex", "D:\proj\microbians\Electra\Solnet.Metaplex\Solnet.Metaplex\Solnet.Metaplex.csproj", "{6B3917F8-9C0D-48F5-95A2-7F725E05CBFC}"
EndProject
Project("{FAE04EC0-301F-11D3-BF4B-00C04F79EFBC}") = "Electra.Persistence.Core", "Electra.Persistence.Core\Electra.Persistence.Core.csproj", "{98732DA3-C68D-4285-A8C1-2E67E26B203C}"
EndProject
Project("{FAE04EC0-301F-11D3-BF4B-00C04F79EFBC}") = "Electra.Core.Ai", "Electra.Core.Ai\Electra.Core.Ai.csproj", "{636D696D-AA27-4B33-9A32-B4F78EEB909A}"
EndProject
Project("{FAE04EC0-301F-11D3-BF4B-00C04F79EFBC}") = "Electra.Web.Core", "Electra.Web.Core\Electra.Web.Core.csproj", "{F14CBDFC-89DA-4403-9A21-4CAFFEB4FEB3}"
EndProject
Project("{FAE04EC0-301F-11D3-BF4B-00C04F79EFBC}") = "Electra.Auth.Tests", "Electra.Auth.Tests\Electra.Auth.Tests.csproj", "{E114002A-DD1C-4A5C-9B6D-B77D08DFCE72}"
EndProject
Project("{FAE04EC0-301F-11D3-BF4B-00C04F79EFBC}") = "Electra.Auth.Tests.WebHost", "Electra.Auth.Tests.WebHost\Electra.Auth.Tests.WebHost.csproj", "{91740254-8AE3-4E00-ACDF-7DD028B6BE9A}"
EndProject
Project("{FAE04EC0-301F-11D3-BF4B-00C04F79EFBC}") = "Electra.DataStructures", "Electra.DataStructures\Electra.DataStructures.csproj", "{E184BDBC-28A8-4671-AE62-4BE75E8239CA}"
EndProject
Project("{FAE04EC0-301F-11D3-BF4B-00C04F79EFBC}") = "Electra.DataStructures.Tests", "Electra.DataStructures.Tests\Electra.DataStructures.Tests.csproj", "{73FD86F9-5C24-42B8-B908-774244BBFD50}"
EndProject
Project("{FAE04EC0-301F-11D3-BF4B-00C04F79EFBC}") = "Electra.Social", "Electra.Social\Electra.Social.csproj", "{4DC05E28-0630-4923-B0B0-B7DE1252E4C2}"
EndProject
Project("{FAE04EC0-301F-11D3-BF4B-00C04F79EFBC}") = "Electra.Auth", "Electra.Auth\Electra.Auth.csproj", "{221867EE-20C9-4622-9AB9-1A79D348D0B4}"
EndProject
Project("{FAE04EC0-301F-11D3-BF4B-00C04F79EFBC}") = "Electra.Persistence.RavenDB", "Electra.Persistence.RavenDB\Electra.Persistence.RavenDB.csproj", "{4CA01FCB-1450-49C5-8F72-E9A1A9A9A1BE}"
EndProject
Project("{FAE04EC0-301F-11D3-BF4B-00C04F79EFBC}") = "Electra.Common.Tests", "Electra.Common.Tests\Electra.Common.Tests.csproj", "{E9FA6674-F6E3-4597-B4DB-FF5D256506C9}"
EndProject
Project("{FAE04EC0-301F-11D3-BF4B-00C04F79EFBC}") = "Electra.Persistence.RavenDB.Tests", "Electra.Persistence.RavenDB.Tests\Electra.Persistence.RavenDB.Tests.csproj", "{50ED4AC7-BC91-4571-AE4F-23C259B5BDFB}"
EndProject
Project("{FAE04EC0-301F-11D3-BF4B-00C04F79EFBC}") = "Electra.Web.BlogEngine.Tests", "..\Tests\Electra.Web.BlogEngine.Tests\Electra.Web.BlogEngine.Tests.csproj", "{4CB88D91-09B2-40DF-8967-63B1A0328811}"
EndProject
Project("{FAE04EC0-301F-11D3-BF4B-00C04F79EFBC}") = "Electra.Blog", "Electra.Blog\Electra.Blog.csproj", "{359A44EE-2450-496B-8E37-ADCA13225D4B}"
EndProject
Project("{FAE04EC0-301F-11D3-BF4B-00C04F79EFBC}") = "Electra.Cms.Tests", "..\Tests\Electra.Cms.Tests\Electra.Cms.Tests.csproj", "{A702334A-AFB0-4AD2-BC61-93F2BE748F11}"
EndProject
Project("{FAE04EC0-301F-11D3-BF4B-00C04F79EFBC}") = "Electra.MerakiUI", "Electra.MerakiUI\Electra.MerakiUI.csproj", "{44DA88D6-CF43-480F-9637-FA42DF3E3D68}"
EndProject
Project("{FAE04EC0-301F-11D3-BF4B-00C04F79EFBC}") = "Electra.MerakiUI.Tests", "..\Tests\Electra.MerakiUI.Tests\Electra.MerakiUI.Tests.csproj", "{5A11B567-5338-42E3-930D-FCB26078DECE}"
EndProject
Project("{2150E333-8FDC-42A3-9474-1A3956D46DE8}") = "Solution Items", "Solution Items", "{F0850256-A812-4F43-B74C-E1553A8562A2}"
EndProject
Project("{FAE04EC0-301F-11D3-BF4B-00C04F79EFBC}") = "Electra.Cms", "Electra.Cms\Electra.Cms.csproj", "{4D663B7C-5AFB-01D3-DA9A-0C0E328519A4}"
EndProject
Global
	GlobalSection(SolutionConfigurationPlatforms) = preSolution
		Debug|Any CPU = Debug|Any CPU
		Debug|x64 = Debug|x64
		Debug|x86 = Debug|x86
		Release|Any CPU = Release|Any CPU
		Release|x64 = Release|x64
		Release|x86 = Release|x86
	EndGlobalSection
	GlobalSection(ProjectConfigurationPlatforms) = postSolution
		{B139FDFB-1F5C-4805-80A0-3679FD20671A}.Debug|Any CPU.ActiveCfg = Debug|Any CPU
		{B139FDFB-1F5C-4805-80A0-3679FD20671A}.Debug|Any CPU.Build.0 = Debug|Any CPU
		{B139FDFB-1F5C-4805-80A0-3679FD20671A}.Debug|x64.ActiveCfg = Debug|Any CPU
		{B139FDFB-1F5C-4805-80A0-3679FD20671A}.Debug|x64.Build.0 = Debug|Any CPU
		{B139FDFB-1F5C-4805-80A0-3679FD20671A}.Debug|x86.ActiveCfg = Debug|Any CPU
		{B139FDFB-1F5C-4805-80A0-3679FD20671A}.Debug|x86.Build.0 = Debug|Any CPU
		{B139FDFB-1F5C-4805-80A0-3679FD20671A}.Release|Any CPU.ActiveCfg = Release|Any CPU
		{B139FDFB-1F5C-4805-80A0-3679FD20671A}.Release|Any CPU.Build.0 = Release|Any CPU
		{B139FDFB-1F5C-4805-80A0-3679FD20671A}.Release|x64.ActiveCfg = Release|Any CPU
		{B139FDFB-1F5C-4805-80A0-3679FD20671A}.Release|x64.Build.0 = Release|Any CPU
		{B139FDFB-1F5C-4805-80A0-3679FD20671A}.Release|x86.ActiveCfg = Release|Any CPU
		{B139FDFB-1F5C-4805-80A0-3679FD20671A}.Release|x86.Build.0 = Release|Any CPU
		{098B729F-3305-42BA-B838-DD0718CD1155}.Debug|Any CPU.ActiveCfg = Debug|Any CPU
		{098B729F-3305-42BA-B838-DD0718CD1155}.Debug|Any CPU.Build.0 = Debug|Any CPU
		{098B729F-3305-42BA-B838-DD0718CD1155}.Debug|x64.ActiveCfg = Debug|Any CPU
		{098B729F-3305-42BA-B838-DD0718CD1155}.Debug|x64.Build.0 = Debug|Any CPU
		{098B729F-3305-42BA-B838-DD0718CD1155}.Debug|x86.ActiveCfg = Debug|Any CPU
		{098B729F-3305-42BA-B838-DD0718CD1155}.Debug|x86.Build.0 = Debug|Any CPU
		{098B729F-3305-42BA-B838-DD0718CD1155}.Release|Any CPU.ActiveCfg = Release|Any CPU
		{098B729F-3305-42BA-B838-DD0718CD1155}.Release|Any CPU.Build.0 = Release|Any CPU
		{098B729F-3305-42BA-B838-DD0718CD1155}.Release|x64.ActiveCfg = Release|Any CPU
		{098B729F-3305-42BA-B838-DD0718CD1155}.Release|x64.Build.0 = Release|Any CPU
		{098B729F-3305-42BA-B838-DD0718CD1155}.Release|x86.ActiveCfg = Release|Any CPU
		{098B729F-3305-42BA-B838-DD0718CD1155}.Release|x86.Build.0 = Release|Any CPU
		{10FF7197-7DD5-4F12-A64D-A36129C540A8}.Debug|Any CPU.ActiveCfg = Debug|Any CPU
		{10FF7197-7DD5-4F12-A64D-A36129C540A8}.Debug|Any CPU.Build.0 = Debug|Any CPU
		{10FF7197-7DD5-4F12-A64D-A36129C540A8}.Debug|x64.ActiveCfg = Debug|Any CPU
		{10FF7197-7DD5-4F12-A64D-A36129C540A8}.Debug|x64.Build.0 = Debug|Any CPU
		{10FF7197-7DD5-4F12-A64D-A36129C540A8}.Debug|x86.ActiveCfg = Debug|Any CPU
		{10FF7197-7DD5-4F12-A64D-A36129C540A8}.Debug|x86.Build.0 = Debug|Any CPU
		{10FF7197-7DD5-4F12-A64D-A36129C540A8}.Release|Any CPU.ActiveCfg = Release|Any CPU
		{10FF7197-7DD5-4F12-A64D-A36129C540A8}.Release|Any CPU.Build.0 = Release|Any CPU
		{10FF7197-7DD5-4F12-A64D-A36129C540A8}.Release|x64.ActiveCfg = Release|Any CPU
		{10FF7197-7DD5-4F12-A64D-A36129C540A8}.Release|x64.Build.0 = Release|Any CPU
		{10FF7197-7DD5-4F12-A64D-A36129C540A8}.Release|x86.ActiveCfg = Release|Any CPU
		{10FF7197-7DD5-4F12-A64D-A36129C540A8}.Release|x86.Build.0 = Release|Any CPU
		{BF8FC3E5-6FAE-43DC-B748-4366ECC8B0D3}.Debug|Any CPU.ActiveCfg = Debug|Any CPU
		{BF8FC3E5-6FAE-43DC-B748-4366ECC8B0D3}.Debug|Any CPU.Build.0 = Debug|Any CPU
		{BF8FC3E5-6FAE-43DC-B748-4366ECC8B0D3}.Debug|x64.ActiveCfg = Debug|Any CPU
		{BF8FC3E5-6FAE-43DC-B748-4366ECC8B0D3}.Debug|x64.Build.0 = Debug|Any CPU
		{BF8FC3E5-6FAE-43DC-B748-4366ECC8B0D3}.Debug|x86.ActiveCfg = Debug|Any CPU
		{BF8FC3E5-6FAE-43DC-B748-4366ECC8B0D3}.Debug|x86.Build.0 = Debug|Any CPU
		{BF8FC3E5-6FAE-43DC-B748-4366ECC8B0D3}.Release|Any CPU.ActiveCfg = Release|Any CPU
		{BF8FC3E5-6FAE-43DC-B748-4366ECC8B0D3}.Release|Any CPU.Build.0 = Release|Any CPU
		{BF8FC3E5-6FAE-43DC-B748-4366ECC8B0D3}.Release|x64.ActiveCfg = Release|Any CPU
		{BF8FC3E5-6FAE-43DC-B748-4366ECC8B0D3}.Release|x64.Build.0 = Release|Any CPU
		{BF8FC3E5-6FAE-43DC-B748-4366ECC8B0D3}.Release|x86.ActiveCfg = Release|Any CPU
		{BF8FC3E5-6FAE-43DC-B748-4366ECC8B0D3}.Release|x86.Build.0 = Release|Any CPU
		{AD9D9B85-E310-4813-B6A8-663F8F7E6676}.Debug|Any CPU.ActiveCfg = Debug|Any CPU
		{AD9D9B85-E310-4813-B6A8-663F8F7E6676}.Debug|Any CPU.Build.0 = Debug|Any CPU
		{AD9D9B85-E310-4813-B6A8-663F8F7E6676}.Debug|x64.ActiveCfg = Debug|Any CPU
		{AD9D9B85-E310-4813-B6A8-663F8F7E6676}.Debug|x64.Build.0 = Debug|Any CPU
		{AD9D9B85-E310-4813-B6A8-663F8F7E6676}.Debug|x86.ActiveCfg = Debug|Any CPU
		{AD9D9B85-E310-4813-B6A8-663F8F7E6676}.Debug|x86.Build.0 = Debug|Any CPU
		{AD9D9B85-E310-4813-B6A8-663F8F7E6676}.Release|Any CPU.ActiveCfg = Release|Any CPU
		{AD9D9B85-E310-4813-B6A8-663F8F7E6676}.Release|Any CPU.Build.0 = Release|Any CPU
		{AD9D9B85-E310-4813-B6A8-663F8F7E6676}.Release|x64.ActiveCfg = Release|Any CPU
		{AD9D9B85-E310-4813-B6A8-663F8F7E6676}.Release|x64.Build.0 = Release|Any CPU
		{AD9D9B85-E310-4813-B6A8-663F8F7E6676}.Release|x86.ActiveCfg = Release|Any CPU
		{AD9D9B85-E310-4813-B6A8-663F8F7E6676}.Release|x86.Build.0 = Release|Any CPU
		{A992EDB3-E4AF-441A-8378-7F3E8266CAA1}.Debug|Any CPU.ActiveCfg = Debug|Any CPU
		{A992EDB3-E4AF-441A-8378-7F3E8266CAA1}.Debug|Any CPU.Build.0 = Debug|Any CPU
		{A992EDB3-E4AF-441A-8378-7F3E8266CAA1}.Debug|x64.ActiveCfg = Debug|Any CPU
		{A992EDB3-E4AF-441A-8378-7F3E8266CAA1}.Debug|x64.Build.0 = Debug|Any CPU
		{A992EDB3-E4AF-441A-8378-7F3E8266CAA1}.Debug|x86.ActiveCfg = Debug|Any CPU
		{A992EDB3-E4AF-441A-8378-7F3E8266CAA1}.Debug|x86.Build.0 = Debug|Any CPU
		{A992EDB3-E4AF-441A-8378-7F3E8266CAA1}.Release|Any CPU.ActiveCfg = Release|Any CPU
		{A992EDB3-E4AF-441A-8378-7F3E8266CAA1}.Release|Any CPU.Build.0 = Release|Any CPU
		{A992EDB3-E4AF-441A-8378-7F3E8266CAA1}.Release|x64.ActiveCfg = Release|Any CPU
		{A992EDB3-E4AF-441A-8378-7F3E8266CAA1}.Release|x64.Build.0 = Release|Any CPU
		{A992EDB3-E4AF-441A-8378-7F3E8266CAA1}.Release|x86.ActiveCfg = Release|Any CPU
		{A992EDB3-E4AF-441A-8378-7F3E8266CAA1}.Release|x86.Build.0 = Release|Any CPU
		{AE7E034E-8BF0-4811-8B0E-4500F52698EB}.Debug|Any CPU.ActiveCfg = Debug|Any CPU
		{AE7E034E-8BF0-4811-8B0E-4500F52698EB}.Debug|Any CPU.Build.0 = Debug|Any CPU
		{AE7E034E-8BF0-4811-8B0E-4500F52698EB}.Debug|x64.ActiveCfg = Debug|Any CPU
		{AE7E034E-8BF0-4811-8B0E-4500F52698EB}.Debug|x64.Build.0 = Debug|Any CPU
		{AE7E034E-8BF0-4811-8B0E-4500F52698EB}.Debug|x86.ActiveCfg = Debug|Any CPU
		{AE7E034E-8BF0-4811-8B0E-4500F52698EB}.Debug|x86.Build.0 = Debug|Any CPU
		{AE7E034E-8BF0-4811-8B0E-4500F52698EB}.Release|Any CPU.ActiveCfg = Release|Any CPU
		{AE7E034E-8BF0-4811-8B0E-4500F52698EB}.Release|Any CPU.Build.0 = Release|Any CPU
		{AE7E034E-8BF0-4811-8B0E-4500F52698EB}.Release|x64.ActiveCfg = Release|Any CPU
		{AE7E034E-8BF0-4811-8B0E-4500F52698EB}.Release|x64.Build.0 = Release|Any CPU
		{AE7E034E-8BF0-4811-8B0E-4500F52698EB}.Release|x86.ActiveCfg = Release|Any CPU
		{AE7E034E-8BF0-4811-8B0E-4500F52698EB}.Release|x86.Build.0 = Release|Any CPU
		{2136B797-0EB2-45FB-967B-DEF59D108114}.Debug|Any CPU.ActiveCfg = Debug|Any CPU
		{2136B797-0EB2-45FB-967B-DEF59D108114}.Debug|Any CPU.Build.0 = Debug|Any CPU
		{2136B797-0EB2-45FB-967B-DEF59D108114}.Debug|x64.ActiveCfg = Debug|Any CPU
		{2136B797-0EB2-45FB-967B-DEF59D108114}.Debug|x64.Build.0 = Debug|Any CPU
		{2136B797-0EB2-45FB-967B-DEF59D108114}.Debug|x86.ActiveCfg = Debug|Any CPU
		{2136B797-0EB2-45FB-967B-DEF59D108114}.Debug|x86.Build.0 = Debug|Any CPU
		{2136B797-0EB2-45FB-967B-DEF59D108114}.Release|Any CPU.ActiveCfg = Release|Any CPU
		{2136B797-0EB2-45FB-967B-DEF59D108114}.Release|Any CPU.Build.0 = Release|Any CPU
		{2136B797-0EB2-45FB-967B-DEF59D108114}.Release|x64.ActiveCfg = Release|Any CPU
		{2136B797-0EB2-45FB-967B-DEF59D108114}.Release|x64.Build.0 = Release|Any CPU
		{2136B797-0EB2-45FB-967B-DEF59D108114}.Release|x86.ActiveCfg = Release|Any CPU
		{2136B797-0EB2-45FB-967B-DEF59D108114}.Release|x86.Build.0 = Release|Any CPU
		{5EB8A58D-EEE1-4603-8EBA-43BE54B5E8F0}.Debug|Any CPU.ActiveCfg = Debug|Any CPU
		{5EB8A58D-EEE1-4603-8EBA-43BE54B5E8F0}.Debug|Any CPU.Build.0 = Debug|Any CPU
		{5EB8A58D-EEE1-4603-8EBA-43BE54B5E8F0}.Debug|x64.ActiveCfg = Debug|Any CPU
		{5EB8A58D-EEE1-4603-8EBA-43BE54B5E8F0}.Debug|x64.Build.0 = Debug|Any CPU
		{5EB8A58D-EEE1-4603-8EBA-43BE54B5E8F0}.Debug|x86.ActiveCfg = Debug|Any CPU
		{5EB8A58D-EEE1-4603-8EBA-43BE54B5E8F0}.Debug|x86.Build.0 = Debug|Any CPU
		{5EB8A58D-EEE1-4603-8EBA-43BE54B5E8F0}.Release|Any CPU.ActiveCfg = Release|Any CPU
		{5EB8A58D-EEE1-4603-8EBA-43BE54B5E8F0}.Release|Any CPU.Build.0 = Release|Any CPU
		{5EB8A58D-EEE1-4603-8EBA-43BE54B5E8F0}.Release|x64.ActiveCfg = Release|Any CPU
		{5EB8A58D-EEE1-4603-8EBA-43BE54B5E8F0}.Release|x64.Build.0 = Release|Any CPU
		{5EB8A58D-EEE1-4603-8EBA-43BE54B5E8F0}.Release|x86.ActiveCfg = Release|Any CPU
		{5EB8A58D-EEE1-4603-8EBA-43BE54B5E8F0}.Release|x86.Build.0 = Release|Any CPU
		{509C8893-DE51-4B8B-B118-2DA781ECDEAE}.Debug|Any CPU.ActiveCfg = Debug|Any CPU
		{509C8893-DE51-4B8B-B118-2DA781ECDEAE}.Debug|Any CPU.Build.0 = Debug|Any CPU
		{509C8893-DE51-4B8B-B118-2DA781ECDEAE}.Debug|x64.ActiveCfg = Debug|Any CPU
		{509C8893-DE51-4B8B-B118-2DA781ECDEAE}.Debug|x64.Build.0 = Debug|Any CPU
		{509C8893-DE51-4B8B-B118-2DA781ECDEAE}.Debug|x86.ActiveCfg = Debug|Any CPU
		{509C8893-DE51-4B8B-B118-2DA781ECDEAE}.Debug|x86.Build.0 = Debug|Any CPU
		{509C8893-DE51-4B8B-B118-2DA781ECDEAE}.Release|Any CPU.ActiveCfg = Release|Any CPU
		{509C8893-DE51-4B8B-B118-2DA781ECDEAE}.Release|Any CPU.Build.0 = Release|Any CPU
		{509C8893-DE51-4B8B-B118-2DA781ECDEAE}.Release|x64.ActiveCfg = Release|Any CPU
		{509C8893-DE51-4B8B-B118-2DA781ECDEAE}.Release|x64.Build.0 = Release|Any CPU
		{509C8893-DE51-4B8B-B118-2DA781ECDEAE}.Release|x86.ActiveCfg = Release|Any CPU
		{509C8893-DE51-4B8B-B118-2DA781ECDEAE}.Release|x86.Build.0 = Release|Any CPU
		{39B30119-5125-4470-8F5F-85761B60913A}.Debug|Any CPU.ActiveCfg = Debug|Any CPU
		{39B30119-5125-4470-8F5F-85761B60913A}.Debug|Any CPU.Build.0 = Debug|Any CPU
		{39B30119-5125-4470-8F5F-85761B60913A}.Debug|x64.ActiveCfg = Debug|Any CPU
		{39B30119-5125-4470-8F5F-85761B60913A}.Debug|x64.Build.0 = Debug|Any CPU
		{39B30119-5125-4470-8F5F-85761B60913A}.Debug|x86.ActiveCfg = Debug|Any CPU
		{39B30119-5125-4470-8F5F-85761B60913A}.Debug|x86.Build.0 = Debug|Any CPU
		{39B30119-5125-4470-8F5F-85761B60913A}.Release|Any CPU.ActiveCfg = Release|Any CPU
		{39B30119-5125-4470-8F5F-85761B60913A}.Release|Any CPU.Build.0 = Release|Any CPU
		{39B30119-5125-4470-8F5F-85761B60913A}.Release|x64.ActiveCfg = Release|Any CPU
		{39B30119-5125-4470-8F5F-85761B60913A}.Release|x64.Build.0 = Release|Any CPU
		{39B30119-5125-4470-8F5F-85761B60913A}.Release|x86.ActiveCfg = Release|Any CPU
		{39B30119-5125-4470-8F5F-85761B60913A}.Release|x86.Build.0 = Release|Any CPU
		{0A7F8E80-5251-4D06-9FAB-EC49B66F3BF8}.Debug|Any CPU.ActiveCfg = Debug|Any CPU
		{0A7F8E80-5251-4D06-9FAB-EC49B66F3BF8}.Debug|Any CPU.Build.0 = Debug|Any CPU
		{0A7F8E80-5251-4D06-9FAB-EC49B66F3BF8}.Debug|x64.ActiveCfg = Debug|Any CPU
		{0A7F8E80-5251-4D06-9FAB-EC49B66F3BF8}.Debug|x64.Build.0 = Debug|Any CPU
		{0A7F8E80-5251-4D06-9FAB-EC49B66F3BF8}.Debug|x86.ActiveCfg = Debug|Any CPU
		{0A7F8E80-5251-4D06-9FAB-EC49B66F3BF8}.Debug|x86.Build.0 = Debug|Any CPU
		{0A7F8E80-5251-4D06-9FAB-EC49B66F3BF8}.Release|Any CPU.ActiveCfg = Release|Any CPU
		{0A7F8E80-5251-4D06-9FAB-EC49B66F3BF8}.Release|Any CPU.Build.0 = Release|Any CPU
		{0A7F8E80-5251-4D06-9FAB-EC49B66F3BF8}.Release|x64.ActiveCfg = Release|Any CPU
		{0A7F8E80-5251-4D06-9FAB-EC49B66F3BF8}.Release|x64.Build.0 = Release|Any CPU
		{0A7F8E80-5251-4D06-9FAB-EC49B66F3BF8}.Release|x86.ActiveCfg = Release|Any CPU
		{0A7F8E80-5251-4D06-9FAB-EC49B66F3BF8}.Release|x86.Build.0 = Release|Any CPU
		{793B4AEB-4AC5-4609-884B-F727149AEF11}.Debug|Any CPU.ActiveCfg = Debug|Any CPU
		{793B4AEB-4AC5-4609-884B-F727149AEF11}.Debug|Any CPU.Build.0 = Debug|Any CPU
		{793B4AEB-4AC5-4609-884B-F727149AEF11}.Debug|x64.ActiveCfg = Debug|Any CPU
		{793B4AEB-4AC5-4609-884B-F727149AEF11}.Debug|x64.Build.0 = Debug|Any CPU
		{793B4AEB-4AC5-4609-884B-F727149AEF11}.Debug|x86.ActiveCfg = Debug|Any CPU
		{793B4AEB-4AC5-4609-884B-F727149AEF11}.Debug|x86.Build.0 = Debug|Any CPU
		{793B4AEB-4AC5-4609-884B-F727149AEF11}.Release|Any CPU.ActiveCfg = Release|Any CPU
		{793B4AEB-4AC5-4609-884B-F727149AEF11}.Release|Any CPU.Build.0 = Release|Any CPU
		{793B4AEB-4AC5-4609-884B-F727149AEF11}.Release|x64.ActiveCfg = Release|Any CPU
		{793B4AEB-4AC5-4609-884B-F727149AEF11}.Release|x64.Build.0 = Release|Any CPU
		{793B4AEB-4AC5-4609-884B-F727149AEF11}.Release|x86.ActiveCfg = Release|Any CPU
		{793B4AEB-4AC5-4609-884B-F727149AEF11}.Release|x86.Build.0 = Release|Any CPU
		{BBC4614F-9008-4A7D-8925-A8BE5C7773AB}.Debug|Any CPU.ActiveCfg = Debug|Any CPU
		{BBC4614F-9008-4A7D-8925-A8BE5C7773AB}.Debug|Any CPU.Build.0 = Debug|Any CPU
		{BBC4614F-9008-4A7D-8925-A8BE5C7773AB}.Debug|x64.ActiveCfg = Debug|Any CPU
		{BBC4614F-9008-4A7D-8925-A8BE5C7773AB}.Debug|x64.Build.0 = Debug|Any CPU
		{BBC4614F-9008-4A7D-8925-A8BE5C7773AB}.Debug|x86.ActiveCfg = Debug|Any CPU
		{BBC4614F-9008-4A7D-8925-A8BE5C7773AB}.Debug|x86.Build.0 = Debug|Any CPU
		{BBC4614F-9008-4A7D-8925-A8BE5C7773AB}.Release|Any CPU.ActiveCfg = Release|Any CPU
		{BBC4614F-9008-4A7D-8925-A8BE5C7773AB}.Release|Any CPU.Build.0 = Release|Any CPU
		{BBC4614F-9008-4A7D-8925-A8BE5C7773AB}.Release|x64.ActiveCfg = Release|Any CPU
		{BBC4614F-9008-4A7D-8925-A8BE5C7773AB}.Release|x64.Build.0 = Release|Any CPU
		{BBC4614F-9008-4A7D-8925-A8BE5C7773AB}.Release|x86.ActiveCfg = Release|Any CPU
		{BBC4614F-9008-4A7D-8925-A8BE5C7773AB}.Release|x86.Build.0 = Release|Any CPU
		{493C3A32-8E53-47F2-846E-5B9D5C327326}.Debug|Any CPU.ActiveCfg = Debug|Any CPU
		{493C3A32-8E53-47F2-846E-5B9D5C327326}.Debug|Any CPU.Build.0 = Debug|Any CPU
		{493C3A32-8E53-47F2-846E-5B9D5C327326}.Debug|x64.ActiveCfg = Debug|Any CPU
		{493C3A32-8E53-47F2-846E-5B9D5C327326}.Debug|x64.Build.0 = Debug|Any CPU
		{493C3A32-8E53-47F2-846E-5B9D5C327326}.Debug|x86.ActiveCfg = Debug|Any CPU
		{493C3A32-8E53-47F2-846E-5B9D5C327326}.Debug|x86.Build.0 = Debug|Any CPU
		{493C3A32-8E53-47F2-846E-5B9D5C327326}.Release|Any CPU.ActiveCfg = Release|Any CPU
		{493C3A32-8E53-47F2-846E-5B9D5C327326}.Release|Any CPU.Build.0 = Release|Any CPU
		{493C3A32-8E53-47F2-846E-5B9D5C327326}.Release|x64.ActiveCfg = Release|Any CPU
		{493C3A32-8E53-47F2-846E-5B9D5C327326}.Release|x64.Build.0 = Release|Any CPU
		{493C3A32-8E53-47F2-846E-5B9D5C327326}.Release|x86.ActiveCfg = Release|Any CPU
		{493C3A32-8E53-47F2-846E-5B9D5C327326}.Release|x86.Build.0 = Release|Any CPU
		{AE4004A1-4810-4E6E-8ACB-F2A02AB493C8}.Debug|Any CPU.ActiveCfg = Debug|Any CPU
		{AE4004A1-4810-4E6E-8ACB-F2A02AB493C8}.Debug|Any CPU.Build.0 = Debug|Any CPU
		{AE4004A1-4810-4E6E-8ACB-F2A02AB493C8}.Debug|x64.ActiveCfg = Debug|Any CPU
		{AE4004A1-4810-4E6E-8ACB-F2A02AB493C8}.Debug|x64.Build.0 = Debug|Any CPU
		{AE4004A1-4810-4E6E-8ACB-F2A02AB493C8}.Debug|x86.ActiveCfg = Debug|Any CPU
		{AE4004A1-4810-4E6E-8ACB-F2A02AB493C8}.Debug|x86.Build.0 = Debug|Any CPU
		{AE4004A1-4810-4E6E-8ACB-F2A02AB493C8}.Release|Any CPU.ActiveCfg = Release|Any CPU
		{AE4004A1-4810-4E6E-8ACB-F2A02AB493C8}.Release|Any CPU.Build.0 = Release|Any CPU
		{AE4004A1-4810-4E6E-8ACB-F2A02AB493C8}.Release|x64.ActiveCfg = Release|Any CPU
		{AE4004A1-4810-4E6E-8ACB-F2A02AB493C8}.Release|x64.Build.0 = Release|Any CPU
		{AE4004A1-4810-4E6E-8ACB-F2A02AB493C8}.Release|x86.ActiveCfg = Release|Any CPU
		{AE4004A1-4810-4E6E-8ACB-F2A02AB493C8}.Release|x86.Build.0 = Release|Any CPU
		{9E6B1607-00E6-4E49-B331-C7F95EBF69A5}.Debug|Any CPU.ActiveCfg = Debug|Any CPU
		{9E6B1607-00E6-4E49-B331-C7F95EBF69A5}.Debug|Any CPU.Build.0 = Debug|Any CPU
		{9E6B1607-00E6-4E49-B331-C7F95EBF69A5}.Debug|x64.ActiveCfg = Debug|Any CPU
		{9E6B1607-00E6-4E49-B331-C7F95EBF69A5}.Debug|x64.Build.0 = Debug|Any CPU
		{9E6B1607-00E6-4E49-B331-C7F95EBF69A5}.Debug|x86.ActiveCfg = Debug|Any CPU
		{9E6B1607-00E6-4E49-B331-C7F95EBF69A5}.Debug|x86.Build.0 = Debug|Any CPU
		{9E6B1607-00E6-4E49-B331-C7F95EBF69A5}.Release|Any CPU.ActiveCfg = Release|Any CPU
		{9E6B1607-00E6-4E49-B331-C7F95EBF69A5}.Release|Any CPU.Build.0 = Release|Any CPU
		{9E6B1607-00E6-4E49-B331-C7F95EBF69A5}.Release|x64.ActiveCfg = Release|Any CPU
		{9E6B1607-00E6-4E49-B331-C7F95EBF69A5}.Release|x64.Build.0 = Release|Any CPU
		{9E6B1607-00E6-4E49-B331-C7F95EBF69A5}.Release|x86.ActiveCfg = Release|Any CPU
		{9E6B1607-00E6-4E49-B331-C7F95EBF69A5}.Release|x86.Build.0 = Release|Any CPU
		{D803796E-C3D6-4A74-A204-A2C0B5B8A64F}.Debug|Any CPU.ActiveCfg = Debug|Any CPU
		{D803796E-C3D6-4A74-A204-A2C0B5B8A64F}.Debug|Any CPU.Build.0 = Debug|Any CPU
		{D803796E-C3D6-4A74-A204-A2C0B5B8A64F}.Debug|x64.ActiveCfg = Debug|Any CPU
		{D803796E-C3D6-4A74-A204-A2C0B5B8A64F}.Debug|x64.Build.0 = Debug|Any CPU
		{D803796E-C3D6-4A74-A204-A2C0B5B8A64F}.Debug|x86.ActiveCfg = Debug|Any CPU
		{D803796E-C3D6-4A74-A204-A2C0B5B8A64F}.Debug|x86.Build.0 = Debug|Any CPU
		{D803796E-C3D6-4A74-A204-A2C0B5B8A64F}.Release|Any CPU.ActiveCfg = Release|Any CPU
		{D803796E-C3D6-4A74-A204-A2C0B5B8A64F}.Release|Any CPU.Build.0 = Release|Any CPU
		{D803796E-C3D6-4A74-A204-A2C0B5B8A64F}.Release|x64.ActiveCfg = Release|Any CPU
		{D803796E-C3D6-4A74-A204-A2C0B5B8A64F}.Release|x64.Build.0 = Release|Any CPU
		{D803796E-C3D6-4A74-A204-A2C0B5B8A64F}.Release|x86.ActiveCfg = Release|Any CPU
		{D803796E-C3D6-4A74-A204-A2C0B5B8A64F}.Release|x86.Build.0 = Release|Any CPU
		{1D793C7F-6BDD-4901-BD34-364ACB3EA18E}.Debug|Any CPU.ActiveCfg = Debug|Any CPU
		{1D793C7F-6BDD-4901-BD34-364ACB3EA18E}.Debug|Any CPU.Build.0 = Debug|Any CPU
		{1D793C7F-6BDD-4901-BD34-364ACB3EA18E}.Debug|x64.ActiveCfg = Debug|Any CPU
		{1D793C7F-6BDD-4901-BD34-364ACB3EA18E}.Debug|x64.Build.0 = Debug|Any CPU
		{1D793C7F-6BDD-4901-BD34-364ACB3EA18E}.Debug|x86.ActiveCfg = Debug|Any CPU
		{1D793C7F-6BDD-4901-BD34-364ACB3EA18E}.Debug|x86.Build.0 = Debug|Any CPU
		{1D793C7F-6BDD-4901-BD34-364ACB3EA18E}.Release|Any CPU.ActiveCfg = Release|Any CPU
		{1D793C7F-6BDD-4901-BD34-364ACB3EA18E}.Release|Any CPU.Build.0 = Release|Any CPU
		{1D793C7F-6BDD-4901-BD34-364ACB3EA18E}.Release|x64.ActiveCfg = Release|Any CPU
		{1D793C7F-6BDD-4901-BD34-364ACB3EA18E}.Release|x64.Build.0 = Release|Any CPU
		{1D793C7F-6BDD-4901-BD34-364ACB3EA18E}.Release|x86.ActiveCfg = Release|Any CPU
		{1D793C7F-6BDD-4901-BD34-364ACB3EA18E}.Release|x86.Build.0 = Release|Any CPU
		{9973141C-A84A-4F9D-BEC1-96BC8A9E37AA}.Debug|Any CPU.ActiveCfg = Debug|Any CPU
		{9973141C-A84A-4F9D-BEC1-96BC8A9E37AA}.Debug|Any CPU.Build.0 = Debug|Any CPU
		{9973141C-A84A-4F9D-BEC1-96BC8A9E37AA}.Debug|x64.ActiveCfg = Debug|Any CPU
		{9973141C-A84A-4F9D-BEC1-96BC8A9E37AA}.Debug|x64.Build.0 = Debug|Any CPU
		{9973141C-A84A-4F9D-BEC1-96BC8A9E37AA}.Debug|x86.ActiveCfg = Debug|Any CPU
		{9973141C-A84A-4F9D-BEC1-96BC8A9E37AA}.Debug|x86.Build.0 = Debug|Any CPU
		{9973141C-A84A-4F9D-BEC1-96BC8A9E37AA}.Release|Any CPU.ActiveCfg = Release|Any CPU
		{9973141C-A84A-4F9D-BEC1-96BC8A9E37AA}.Release|Any CPU.Build.0 = Release|Any CPU
		{9973141C-A84A-4F9D-BEC1-96BC8A9E37AA}.Release|x64.ActiveCfg = Release|Any CPU
		{9973141C-A84A-4F9D-BEC1-96BC8A9E37AA}.Release|x64.Build.0 = Release|Any CPU
		{9973141C-A84A-4F9D-BEC1-96BC8A9E37AA}.Release|x86.ActiveCfg = Release|Any CPU
		{9973141C-A84A-4F9D-BEC1-96BC8A9E37AA}.Release|x86.Build.0 = Release|Any CPU
		{3C43F37A-527B-49FD-B710-BC6D43F59D8F}.Debug|Any CPU.ActiveCfg = Debug|Any CPU
		{3C43F37A-527B-49FD-B710-BC6D43F59D8F}.Debug|Any CPU.Build.0 = Debug|Any CPU
		{3C43F37A-527B-49FD-B710-BC6D43F59D8F}.Debug|x64.ActiveCfg = Debug|Any CPU
		{3C43F37A-527B-49FD-B710-BC6D43F59D8F}.Debug|x64.Build.0 = Debug|Any CPU
		{3C43F37A-527B-49FD-B710-BC6D43F59D8F}.Debug|x86.ActiveCfg = Debug|Any CPU
		{3C43F37A-527B-49FD-B710-BC6D43F59D8F}.Debug|x86.Build.0 = Debug|Any CPU
		{3C43F37A-527B-49FD-B710-BC6D43F59D8F}.Release|Any CPU.ActiveCfg = Release|Any CPU
		{3C43F37A-527B-49FD-B710-BC6D43F59D8F}.Release|Any CPU.Build.0 = Release|Any CPU
		{3C43F37A-527B-49FD-B710-BC6D43F59D8F}.Release|x64.ActiveCfg = Release|Any CPU
		{3C43F37A-527B-49FD-B710-BC6D43F59D8F}.Release|x64.Build.0 = Release|Any CPU
		{3C43F37A-527B-49FD-B710-BC6D43F59D8F}.Release|x86.ActiveCfg = Release|Any CPU
		{3C43F37A-527B-49FD-B710-BC6D43F59D8F}.Release|x86.Build.0 = Release|Any CPU
		{BFB3D72D-45CD-4967-B6B9-236F80E412FF}.Debug|Any CPU.ActiveCfg = Debug|Any CPU
		{BFB3D72D-45CD-4967-B6B9-236F80E412FF}.Debug|Any CPU.Build.0 = Debug|Any CPU
		{BFB3D72D-45CD-4967-B6B9-236F80E412FF}.Debug|x64.ActiveCfg = Debug|Any CPU
		{BFB3D72D-45CD-4967-B6B9-236F80E412FF}.Debug|x64.Build.0 = Debug|Any CPU
		{BFB3D72D-45CD-4967-B6B9-236F80E412FF}.Debug|x86.ActiveCfg = Debug|Any CPU
		{BFB3D72D-45CD-4967-B6B9-236F80E412FF}.Debug|x86.Build.0 = Debug|Any CPU
		{BFB3D72D-45CD-4967-B6B9-236F80E412FF}.Release|Any CPU.ActiveCfg = Release|Any CPU
		{BFB3D72D-45CD-4967-B6B9-236F80E412FF}.Release|Any CPU.Build.0 = Release|Any CPU
		{BFB3D72D-45CD-4967-B6B9-236F80E412FF}.Release|x64.ActiveCfg = Release|Any CPU
		{BFB3D72D-45CD-4967-B6B9-236F80E412FF}.Release|x64.Build.0 = Release|Any CPU
		{BFB3D72D-45CD-4967-B6B9-236F80E412FF}.Release|x86.ActiveCfg = Release|Any CPU
		{BFB3D72D-45CD-4967-B6B9-236F80E412FF}.Release|x86.Build.0 = Release|Any CPU
		{0533F6DF-88AA-4709-AC81-A511F0CD0B30}.Debug|Any CPU.ActiveCfg = Debug|Any CPU
		{0533F6DF-88AA-4709-AC81-A511F0CD0B30}.Debug|Any CPU.Build.0 = Debug|Any CPU
		{0533F6DF-88AA-4709-AC81-A511F0CD0B30}.Debug|x64.ActiveCfg = Debug|Any CPU
		{0533F6DF-88AA-4709-AC81-A511F0CD0B30}.Debug|x64.Build.0 = Debug|Any CPU
		{0533F6DF-88AA-4709-AC81-A511F0CD0B30}.Debug|x86.ActiveCfg = Debug|Any CPU
		{0533F6DF-88AA-4709-AC81-A511F0CD0B30}.Debug|x86.Build.0 = Debug|Any CPU
		{0533F6DF-88AA-4709-AC81-A511F0CD0B30}.Release|Any CPU.ActiveCfg = Release|Any CPU
		{0533F6DF-88AA-4709-AC81-A511F0CD0B30}.Release|Any CPU.Build.0 = Release|Any CPU
		{0533F6DF-88AA-4709-AC81-A511F0CD0B30}.Release|x64.ActiveCfg = Release|Any CPU
		{0533F6DF-88AA-4709-AC81-A511F0CD0B30}.Release|x64.Build.0 = Release|Any CPU
		{0533F6DF-88AA-4709-AC81-A511F0CD0B30}.Release|x86.ActiveCfg = Release|Any CPU
		{0533F6DF-88AA-4709-AC81-A511F0CD0B30}.Release|x86.Build.0 = Release|Any CPU
		{6B3917F8-9C0D-48F5-95A2-7F725E05CBFC}.Debug|Any CPU.ActiveCfg = Debug|Any CPU
		{6B3917F8-9C0D-48F5-95A2-7F725E05CBFC}.Debug|Any CPU.Build.0 = Debug|Any CPU
		{6B3917F8-9C0D-48F5-95A2-7F725E05CBFC}.Debug|x64.ActiveCfg = Debug|Any CPU
		{6B3917F8-9C0D-48F5-95A2-7F725E05CBFC}.Debug|x64.Build.0 = Debug|Any CPU
		{6B3917F8-9C0D-48F5-95A2-7F725E05CBFC}.Debug|x86.ActiveCfg = Debug|Any CPU
		{6B3917F8-9C0D-48F5-95A2-7F725E05CBFC}.Debug|x86.Build.0 = Debug|Any CPU
		{6B3917F8-9C0D-48F5-95A2-7F725E05CBFC}.Release|Any CPU.ActiveCfg = Release|Any CPU
		{6B3917F8-9C0D-48F5-95A2-7F725E05CBFC}.Release|Any CPU.Build.0 = Release|Any CPU
		{6B3917F8-9C0D-48F5-95A2-7F725E05CBFC}.Release|x64.ActiveCfg = Release|Any CPU
		{6B3917F8-9C0D-48F5-95A2-7F725E05CBFC}.Release|x64.Build.0 = Release|Any CPU
		{6B3917F8-9C0D-48F5-95A2-7F725E05CBFC}.Release|x86.ActiveCfg = Release|Any CPU
		{6B3917F8-9C0D-48F5-95A2-7F725E05CBFC}.Release|x86.Build.0 = Release|Any CPU
		{98732DA3-C68D-4285-A8C1-2E67E26B203C}.Debug|Any CPU.ActiveCfg = Debug|Any CPU
		{98732DA3-C68D-4285-A8C1-2E67E26B203C}.Debug|Any CPU.Build.0 = Debug|Any CPU
		{98732DA3-C68D-4285-A8C1-2E67E26B203C}.Debug|x64.ActiveCfg = Debug|Any CPU
		{98732DA3-C68D-4285-A8C1-2E67E26B203C}.Debug|x64.Build.0 = Debug|Any CPU
		{98732DA3-C68D-4285-A8C1-2E67E26B203C}.Debug|x86.ActiveCfg = Debug|Any CPU
		{98732DA3-C68D-4285-A8C1-2E67E26B203C}.Debug|x86.Build.0 = Debug|Any CPU
		{98732DA3-C68D-4285-A8C1-2E67E26B203C}.Release|Any CPU.ActiveCfg = Release|Any CPU
		{98732DA3-C68D-4285-A8C1-2E67E26B203C}.Release|Any CPU.Build.0 = Release|Any CPU
		{98732DA3-C68D-4285-A8C1-2E67E26B203C}.Release|x64.ActiveCfg = Release|Any CPU
		{98732DA3-C68D-4285-A8C1-2E67E26B203C}.Release|x64.Build.0 = Release|Any CPU
		{98732DA3-C68D-4285-A8C1-2E67E26B203C}.Release|x86.ActiveCfg = Release|Any CPU
		{98732DA3-C68D-4285-A8C1-2E67E26B203C}.Release|x86.Build.0 = Release|Any CPU
		{636D696D-AA27-4B33-9A32-B4F78EEB909A}.Debug|Any CPU.ActiveCfg = Debug|Any CPU
		{636D696D-AA27-4B33-9A32-B4F78EEB909A}.Debug|Any CPU.Build.0 = Debug|Any CPU
		{636D696D-AA27-4B33-9A32-B4F78EEB909A}.Debug|x64.ActiveCfg = Debug|Any CPU
		{636D696D-AA27-4B33-9A32-B4F78EEB909A}.Debug|x64.Build.0 = Debug|Any CPU
		{636D696D-AA27-4B33-9A32-B4F78EEB909A}.Debug|x86.ActiveCfg = Debug|Any CPU
		{636D696D-AA27-4B33-9A32-B4F78EEB909A}.Debug|x86.Build.0 = Debug|Any CPU
		{636D696D-AA27-4B33-9A32-B4F78EEB909A}.Release|Any CPU.ActiveCfg = Release|Any CPU
		{636D696D-AA27-4B33-9A32-B4F78EEB909A}.Release|Any CPU.Build.0 = Release|Any CPU
		{636D696D-AA27-4B33-9A32-B4F78EEB909A}.Release|x64.ActiveCfg = Release|Any CPU
		{636D696D-AA27-4B33-9A32-B4F78EEB909A}.Release|x64.Build.0 = Release|Any CPU
		{636D696D-AA27-4B33-9A32-B4F78EEB909A}.Release|x86.ActiveCfg = Release|Any CPU
		{636D696D-AA27-4B33-9A32-B4F78EEB909A}.Release|x86.Build.0 = Release|Any CPU
		{F14CBDFC-89DA-4403-9A21-4CAFFEB4FEB3}.Debug|Any CPU.ActiveCfg = Debug|Any CPU
		{F14CBDFC-89DA-4403-9A21-4CAFFEB4FEB3}.Debug|Any CPU.Build.0 = Debug|Any CPU
		{F14CBDFC-89DA-4403-9A21-4CAFFEB4FEB3}.Debug|x64.ActiveCfg = Debug|Any CPU
		{F14CBDFC-89DA-4403-9A21-4CAFFEB4FEB3}.Debug|x64.Build.0 = Debug|Any CPU
		{F14CBDFC-89DA-4403-9A21-4CAFFEB4FEB3}.Debug|x86.ActiveCfg = Debug|Any CPU
		{F14CBDFC-89DA-4403-9A21-4CAFFEB4FEB3}.Debug|x86.Build.0 = Debug|Any CPU
		{F14CBDFC-89DA-4403-9A21-4CAFFEB4FEB3}.Release|Any CPU.ActiveCfg = Release|Any CPU
		{F14CBDFC-89DA-4403-9A21-4CAFFEB4FEB3}.Release|Any CPU.Build.0 = Release|Any CPU
		{F14CBDFC-89DA-4403-9A21-4CAFFEB4FEB3}.Release|x64.ActiveCfg = Release|Any CPU
		{F14CBDFC-89DA-4403-9A21-4CAFFEB4FEB3}.Release|x64.Build.0 = Release|Any CPU
		{F14CBDFC-89DA-4403-9A21-4CAFFEB4FEB3}.Release|x86.ActiveCfg = Release|Any CPU
		{F14CBDFC-89DA-4403-9A21-4CAFFEB4FEB3}.Release|x86.Build.0 = Release|Any CPU
		{E114002A-DD1C-4A5C-9B6D-B77D08DFCE72}.Debug|Any CPU.ActiveCfg = Debug|Any CPU
		{E114002A-DD1C-4A5C-9B6D-B77D08DFCE72}.Debug|Any CPU.Build.0 = Debug|Any CPU
		{E114002A-DD1C-4A5C-9B6D-B77D08DFCE72}.Debug|x64.ActiveCfg = Debug|Any CPU
		{E114002A-DD1C-4A5C-9B6D-B77D08DFCE72}.Debug|x64.Build.0 = Debug|Any CPU
		{E114002A-DD1C-4A5C-9B6D-B77D08DFCE72}.Debug|x86.ActiveCfg = Debug|Any CPU
		{E114002A-DD1C-4A5C-9B6D-B77D08DFCE72}.Debug|x86.Build.0 = Debug|Any CPU
		{E114002A-DD1C-4A5C-9B6D-B77D08DFCE72}.Release|Any CPU.ActiveCfg = Release|Any CPU
		{E114002A-DD1C-4A5C-9B6D-B77D08DFCE72}.Release|Any CPU.Build.0 = Release|Any CPU
		{E114002A-DD1C-4A5C-9B6D-B77D08DFCE72}.Release|x64.ActiveCfg = Release|Any CPU
		{E114002A-DD1C-4A5C-9B6D-B77D08DFCE72}.Release|x64.Build.0 = Release|Any CPU
		{E114002A-DD1C-4A5C-9B6D-B77D08DFCE72}.Release|x86.ActiveCfg = Release|Any CPU
		{E114002A-DD1C-4A5C-9B6D-B77D08DFCE72}.Release|x86.Build.0 = Release|Any CPU
		{91740254-8AE3-4E00-ACDF-7DD028B6BE9A}.Debug|Any CPU.ActiveCfg = Debug|Any CPU
		{91740254-8AE3-4E00-ACDF-7DD028B6BE9A}.Debug|Any CPU.Build.0 = Debug|Any CPU
		{91740254-8AE3-4E00-ACDF-7DD028B6BE9A}.Debug|x64.ActiveCfg = Debug|Any CPU
		{91740254-8AE3-4E00-ACDF-7DD028B6BE9A}.Debug|x64.Build.0 = Debug|Any CPU
		{91740254-8AE3-4E00-ACDF-7DD028B6BE9A}.Debug|x86.ActiveCfg = Debug|Any CPU
		{91740254-8AE3-4E00-ACDF-7DD028B6BE9A}.Debug|x86.Build.0 = Debug|Any CPU
		{91740254-8AE3-4E00-ACDF-7DD028B6BE9A}.Release|Any CPU.ActiveCfg = Release|Any CPU
		{91740254-8AE3-4E00-ACDF-7DD028B6BE9A}.Release|Any CPU.Build.0 = Release|Any CPU
		{91740254-8AE3-4E00-ACDF-7DD028B6BE9A}.Release|x64.ActiveCfg = Release|Any CPU
		{91740254-8AE3-4E00-ACDF-7DD028B6BE9A}.Release|x64.Build.0 = Release|Any CPU
		{91740254-8AE3-4E00-ACDF-7DD028B6BE9A}.Release|x86.ActiveCfg = Release|Any CPU
		{91740254-8AE3-4E00-ACDF-7DD028B6BE9A}.Release|x86.Build.0 = Release|Any CPU
		{E184BDBC-28A8-4671-AE62-4BE75E8239CA}.Debug|Any CPU.ActiveCfg = Debug|Any CPU
		{E184BDBC-28A8-4671-AE62-4BE75E8239CA}.Debug|Any CPU.Build.0 = Debug|Any CPU
		{E184BDBC-28A8-4671-AE62-4BE75E8239CA}.Debug|x64.ActiveCfg = Debug|Any CPU
		{E184BDBC-28A8-4671-AE62-4BE75E8239CA}.Debug|x64.Build.0 = Debug|Any CPU
		{E184BDBC-28A8-4671-AE62-4BE75E8239CA}.Debug|x86.ActiveCfg = Debug|Any CPU
		{E184BDBC-28A8-4671-AE62-4BE75E8239CA}.Debug|x86.Build.0 = Debug|Any CPU
		{E184BDBC-28A8-4671-AE62-4BE75E8239CA}.Release|Any CPU.ActiveCfg = Release|Any CPU
		{E184BDBC-28A8-4671-AE62-4BE75E8239CA}.Release|Any CPU.Build.0 = Release|Any CPU
		{E184BDBC-28A8-4671-AE62-4BE75E8239CA}.Release|x64.ActiveCfg = Release|Any CPU
		{E184BDBC-28A8-4671-AE62-4BE75E8239CA}.Release|x64.Build.0 = Release|Any CPU
		{E184BDBC-28A8-4671-AE62-4BE75E8239CA}.Release|x86.ActiveCfg = Release|Any CPU
		{E184BDBC-28A8-4671-AE62-4BE75E8239CA}.Release|x86.Build.0 = Release|Any CPU
		{73FD86F9-5C24-42B8-B908-774244BBFD50}.Debug|Any CPU.ActiveCfg = Debug|Any CPU
		{73FD86F9-5C24-42B8-B908-774244BBFD50}.Debug|Any CPU.Build.0 = Debug|Any CPU
		{73FD86F9-5C24-42B8-B908-774244BBFD50}.Debug|x64.ActiveCfg = Debug|Any CPU
		{73FD86F9-5C24-42B8-B908-774244BBFD50}.Debug|x64.Build.0 = Debug|Any CPU
		{73FD86F9-5C24-42B8-B908-774244BBFD50}.Debug|x86.ActiveCfg = Debug|Any CPU
		{73FD86F9-5C24-42B8-B908-774244BBFD50}.Debug|x86.Build.0 = Debug|Any CPU
		{73FD86F9-5C24-42B8-B908-774244BBFD50}.Release|Any CPU.ActiveCfg = Release|Any CPU
		{73FD86F9-5C24-42B8-B908-774244BBFD50}.Release|Any CPU.Build.0 = Release|Any CPU
		{73FD86F9-5C24-42B8-B908-774244BBFD50}.Release|x64.ActiveCfg = Release|Any CPU
		{73FD86F9-5C24-42B8-B908-774244BBFD50}.Release|x64.Build.0 = Release|Any CPU
		{73FD86F9-5C24-42B8-B908-774244BBFD50}.Release|x86.ActiveCfg = Release|Any CPU
		{73FD86F9-5C24-42B8-B908-774244BBFD50}.Release|x86.Build.0 = Release|Any CPU
		{4DC05E28-0630-4923-B0B0-B7DE1252E4C2}.Debug|Any CPU.ActiveCfg = Debug|Any CPU
		{4DC05E28-0630-4923-B0B0-B7DE1252E4C2}.Debug|Any CPU.Build.0 = Debug|Any CPU
		{4DC05E28-0630-4923-B0B0-B7DE1252E4C2}.Debug|x64.ActiveCfg = Debug|Any CPU
		{4DC05E28-0630-4923-B0B0-B7DE1252E4C2}.Debug|x64.Build.0 = Debug|Any CPU
		{4DC05E28-0630-4923-B0B0-B7DE1252E4C2}.Debug|x86.ActiveCfg = Debug|Any CPU
		{4DC05E28-0630-4923-B0B0-B7DE1252E4C2}.Debug|x86.Build.0 = Debug|Any CPU
		{4DC05E28-0630-4923-B0B0-B7DE1252E4C2}.Release|Any CPU.ActiveCfg = Release|Any CPU
		{4DC05E28-0630-4923-B0B0-B7DE1252E4C2}.Release|Any CPU.Build.0 = Release|Any CPU
		{4DC05E28-0630-4923-B0B0-B7DE1252E4C2}.Release|x64.ActiveCfg = Release|Any CPU
		{4DC05E28-0630-4923-B0B0-B7DE1252E4C2}.Release|x64.Build.0 = Release|Any CPU
		{4DC05E28-0630-4923-B0B0-B7DE1252E4C2}.Release|x86.ActiveCfg = Release|Any CPU
		{4DC05E28-0630-4923-B0B0-B7DE1252E4C2}.Release|x86.Build.0 = Release|Any CPU
		{221867EE-20C9-4622-9AB9-1A79D348D0B4}.Debug|Any CPU.ActiveCfg = Debug|Any CPU
		{221867EE-20C9-4622-9AB9-1A79D348D0B4}.Debug|Any CPU.Build.0 = Debug|Any CPU
		{221867EE-20C9-4622-9AB9-1A79D348D0B4}.Debug|x64.ActiveCfg = Debug|Any CPU
		{221867EE-20C9-4622-9AB9-1A79D348D0B4}.Debug|x64.Build.0 = Debug|Any CPU
		{221867EE-20C9-4622-9AB9-1A79D348D0B4}.Debug|x86.ActiveCfg = Debug|Any CPU
		{221867EE-20C9-4622-9AB9-1A79D348D0B4}.Debug|x86.Build.0 = Debug|Any CPU
		{221867EE-20C9-4622-9AB9-1A79D348D0B4}.Release|Any CPU.ActiveCfg = Release|Any CPU
		{221867EE-20C9-4622-9AB9-1A79D348D0B4}.Release|Any CPU.Build.0 = Release|Any CPU
		{221867EE-20C9-4622-9AB9-1A79D348D0B4}.Release|x64.ActiveCfg = Release|Any CPU
		{221867EE-20C9-4622-9AB9-1A79D348D0B4}.Release|x64.Build.0 = Release|Any CPU
		{221867EE-20C9-4622-9AB9-1A79D348D0B4}.Release|x86.ActiveCfg = Release|Any CPU
		{221867EE-20C9-4622-9AB9-1A79D348D0B4}.Release|x86.Build.0 = Release|Any CPU
		{4CA01FCB-1450-49C5-8F72-E9A1A9A9A1BE}.Debug|Any CPU.ActiveCfg = Debug|Any CPU
		{4CA01FCB-1450-49C5-8F72-E9A1A9A9A1BE}.Debug|Any CPU.Build.0 = Debug|Any CPU
		{4CA01FCB-1450-49C5-8F72-E9A1A9A9A1BE}.Debug|x64.ActiveCfg = Debug|Any CPU
		{4CA01FCB-1450-49C5-8F72-E9A1A9A9A1BE}.Debug|x64.Build.0 = Debug|Any CPU
		{4CA01FCB-1450-49C5-8F72-E9A1A9A9A1BE}.Debug|x86.ActiveCfg = Debug|Any CPU
		{4CA01FCB-1450-49C5-8F72-E9A1A9A9A1BE}.Debug|x86.Build.0 = Debug|Any CPU
		{4CA01FCB-1450-49C5-8F72-E9A1A9A9A1BE}.Release|Any CPU.ActiveCfg = Release|Any CPU
		{4CA01FCB-1450-49C5-8F72-E9A1A9A9A1BE}.Release|Any CPU.Build.0 = Release|Any CPU
		{4CA01FCB-1450-49C5-8F72-E9A1A9A9A1BE}.Release|x64.ActiveCfg = Release|Any CPU
		{4CA01FCB-1450-49C5-8F72-E9A1A9A9A1BE}.Release|x64.Build.0 = Release|Any CPU
		{4CA01FCB-1450-49C5-8F72-E9A1A9A9A1BE}.Release|x86.ActiveCfg = Release|Any CPU
		{4CA01FCB-1450-49C5-8F72-E9A1A9A9A1BE}.Release|x86.Build.0 = Release|Any CPU
		{E9FA6674-F6E3-4597-B4DB-FF5D256506C9}.Debug|Any CPU.ActiveCfg = Debug|Any CPU
		{E9FA6674-F6E3-4597-B4DB-FF5D256506C9}.Debug|Any CPU.Build.0 = Debug|Any CPU
		{E9FA6674-F6E3-4597-B4DB-FF5D256506C9}.Debug|x64.ActiveCfg = Debug|Any CPU
		{E9FA6674-F6E3-4597-B4DB-FF5D256506C9}.Debug|x64.Build.0 = Debug|Any CPU
		{E9FA6674-F6E3-4597-B4DB-FF5D256506C9}.Debug|x86.ActiveCfg = Debug|Any CPU
		{E9FA6674-F6E3-4597-B4DB-FF5D256506C9}.Debug|x86.Build.0 = Debug|Any CPU
		{E9FA6674-F6E3-4597-B4DB-FF5D256506C9}.Release|Any CPU.ActiveCfg = Release|Any CPU
		{E9FA6674-F6E3-4597-B4DB-FF5D256506C9}.Release|Any CPU.Build.0 = Release|Any CPU
		{E9FA6674-F6E3-4597-B4DB-FF5D256506C9}.Release|x64.ActiveCfg = Release|Any CPU
		{E9FA6674-F6E3-4597-B4DB-FF5D256506C9}.Release|x64.Build.0 = Release|Any CPU
		{E9FA6674-F6E3-4597-B4DB-FF5D256506C9}.Release|x86.ActiveCfg = Release|Any CPU
		{E9FA6674-F6E3-4597-B4DB-FF5D256506C9}.Release|x86.Build.0 = Release|Any CPU
		{50ED4AC7-BC91-4571-AE4F-23C259B5BDFB}.Debug|Any CPU.ActiveCfg = Debug|Any CPU
		{50ED4AC7-BC91-4571-AE4F-23C259B5BDFB}.Debug|Any CPU.Build.0 = Debug|Any CPU
		{50ED4AC7-BC91-4571-AE4F-23C259B5BDFB}.Debug|x64.ActiveCfg = Debug|Any CPU
		{50ED4AC7-BC91-4571-AE4F-23C259B5BDFB}.Debug|x64.Build.0 = Debug|Any CPU
		{50ED4AC7-BC91-4571-AE4F-23C259B5BDFB}.Debug|x86.ActiveCfg = Debug|Any CPU
		{50ED4AC7-BC91-4571-AE4F-23C259B5BDFB}.Debug|x86.Build.0 = Debug|Any CPU
		{50ED4AC7-BC91-4571-AE4F-23C259B5BDFB}.Release|Any CPU.ActiveCfg = Release|Any CPU
		{50ED4AC7-BC91-4571-AE4F-23C259B5BDFB}.Release|Any CPU.Build.0 = Release|Any CPU
		{50ED4AC7-BC91-4571-AE4F-23C259B5BDFB}.Release|x64.ActiveCfg = Release|Any CPU
		{50ED4AC7-BC91-4571-AE4F-23C259B5BDFB}.Release|x64.Build.0 = Release|Any CPU
		{50ED4AC7-BC91-4571-AE4F-23C259B5BDFB}.Release|x86.ActiveCfg = Release|Any CPU
		{50ED4AC7-BC91-4571-AE4F-23C259B5BDFB}.Release|x86.Build.0 = Release|Any CPU
		{4CB88D91-09B2-40DF-8967-63B1A0328811}.Debug|Any CPU.ActiveCfg = Debug|Any CPU
		{4CB88D91-09B2-40DF-8967-63B1A0328811}.Debug|Any CPU.Build.0 = Debug|Any CPU
		{4CB88D91-09B2-40DF-8967-63B1A0328811}.Debug|x64.ActiveCfg = Debug|Any CPU
		{4CB88D91-09B2-40DF-8967-63B1A0328811}.Debug|x64.Build.0 = Debug|Any CPU
		{4CB88D91-09B2-40DF-8967-63B1A0328811}.Debug|x86.ActiveCfg = Debug|Any CPU
		{4CB88D91-09B2-40DF-8967-63B1A0328811}.Debug|x86.Build.0 = Debug|Any CPU
		{4CB88D91-09B2-40DF-8967-63B1A0328811}.Release|Any CPU.ActiveCfg = Release|Any CPU
		{4CB88D91-09B2-40DF-8967-63B1A0328811}.Release|Any CPU.Build.0 = Release|Any CPU
		{4CB88D91-09B2-40DF-8967-63B1A0328811}.Release|x64.ActiveCfg = Release|Any CPU
		{4CB88D91-09B2-40DF-8967-63B1A0328811}.Release|x64.Build.0 = Release|Any CPU
		{4CB88D91-09B2-40DF-8967-63B1A0328811}.Release|x86.ActiveCfg = Release|Any CPU
		{4CB88D91-09B2-40DF-8967-63B1A0328811}.Release|x86.Build.0 = Release|Any CPU
		{359A44EE-2450-496B-8E37-ADCA13225D4B}.Debug|Any CPU.ActiveCfg = Debug|Any CPU
		{359A44EE-2450-496B-8E37-ADCA13225D4B}.Debug|Any CPU.Build.0 = Debug|Any CPU
		{359A44EE-2450-496B-8E37-ADCA13225D4B}.Debug|x64.ActiveCfg = Debug|Any CPU
		{359A44EE-2450-496B-8E37-ADCA13225D4B}.Debug|x64.Build.0 = Debug|Any CPU
		{359A44EE-2450-496B-8E37-ADCA13225D4B}.Debug|x86.ActiveCfg = Debug|Any CPU
		{359A44EE-2450-496B-8E37-ADCA13225D4B}.Debug|x86.Build.0 = Debug|Any CPU
		{359A44EE-2450-496B-8E37-ADCA13225D4B}.Release|Any CPU.ActiveCfg = Release|Any CPU
		{359A44EE-2450-496B-8E37-ADCA13225D4B}.Release|Any CPU.Build.0 = Release|Any CPU
		{359A44EE-2450-496B-8E37-ADCA13225D4B}.Release|x64.ActiveCfg = Release|Any CPU
		{359A44EE-2450-496B-8E37-ADCA13225D4B}.Release|x64.Build.0 = Release|Any CPU
		{359A44EE-2450-496B-8E37-ADCA13225D4B}.Release|x86.ActiveCfg = Release|Any CPU
		{359A44EE-2450-496B-8E37-ADCA13225D4B}.Release|x86.Build.0 = Release|Any CPU
		{A702334A-AFB0-4AD2-BC61-93F2BE748F11}.Debug|Any CPU.ActiveCfg = Debug|Any CPU
		{A702334A-AFB0-4AD2-BC61-93F2BE748F11}.Debug|Any CPU.Build.0 = Debug|Any CPU
		{A702334A-AFB0-4AD2-BC61-93F2BE748F11}.Debug|x64.ActiveCfg = Debug|Any CPU
		{A702334A-AFB0-4AD2-BC61-93F2BE748F11}.Debug|x64.Build.0 = Debug|Any CPU
		{A702334A-AFB0-4AD2-BC61-93F2BE748F11}.Debug|x86.ActiveCfg = Debug|Any CPU
		{A702334A-AFB0-4AD2-BC61-93F2BE748F11}.Debug|x86.Build.0 = Debug|Any CPU
		{A702334A-AFB0-4AD2-BC61-93F2BE748F11}.Release|Any CPU.ActiveCfg = Release|Any CPU
		{A702334A-AFB0-4AD2-BC61-93F2BE748F11}.Release|Any CPU.Build.0 = Release|Any CPU
		{A702334A-AFB0-4AD2-BC61-93F2BE748F11}.Release|x64.ActiveCfg = Release|Any CPU
		{A702334A-AFB0-4AD2-BC61-93F2BE748F11}.Release|x64.Build.0 = Release|Any CPU
		{A702334A-AFB0-4AD2-BC61-93F2BE748F11}.Release|x86.ActiveCfg = Release|Any CPU
		{A702334A-AFB0-4AD2-BC61-93F2BE748F11}.Release|x86.Build.0 = Release|Any CPU
		{44DA88D6-CF43-480F-9637-FA42DF3E3D68}.Debug|Any CPU.ActiveCfg = Debug|Any CPU
		{44DA88D6-CF43-480F-9637-FA42DF3E3D68}.Debug|Any CPU.Build.0 = Debug|Any CPU
		{44DA88D6-CF43-480F-9637-FA42DF3E3D68}.Debug|x64.ActiveCfg = Debug|Any CPU
		{44DA88D6-CF43-480F-9637-FA42DF3E3D68}.Debug|x64.Build.0 = Debug|Any CPU
		{44DA88D6-CF43-480F-9637-FA42DF3E3D68}.Debug|x86.ActiveCfg = Debug|Any CPU
		{44DA88D6-CF43-480F-9637-FA42DF3E3D68}.Debug|x86.Build.0 = Debug|Any CPU
		{44DA88D6-CF43-480F-9637-FA42DF3E3D68}.Release|Any CPU.ActiveCfg = Release|Any CPU
		{44DA88D6-CF43-480F-9637-FA42DF3E3D68}.Release|Any CPU.Build.0 = Release|Any CPU
		{44DA88D6-CF43-480F-9637-FA42DF3E3D68}.Release|x64.ActiveCfg = Release|Any CPU
		{44DA88D6-CF43-480F-9637-FA42DF3E3D68}.Release|x64.Build.0 = Release|Any CPU
		{44DA88D6-CF43-480F-9637-FA42DF3E3D68}.Release|x86.ActiveCfg = Release|Any CPU
		{44DA88D6-CF43-480F-9637-FA42DF3E3D68}.Release|x86.Build.0 = Release|Any CPU
		{5A11B567-5338-42E3-930D-FCB26078DECE}.Debug|Any CPU.ActiveCfg = Debug|Any CPU
		{5A11B567-5338-42E3-930D-FCB26078DECE}.Debug|Any CPU.Build.0 = Debug|Any CPU
		{5A11B567-5338-42E3-930D-FCB26078DECE}.Debug|x64.ActiveCfg = Debug|Any CPU
		{5A11B567-5338-42E3-930D-FCB26078DECE}.Debug|x64.Build.0 = Debug|Any CPU
		{5A11B567-5338-42E3-930D-FCB26078DECE}.Debug|x86.ActiveCfg = Debug|Any CPU
		{5A11B567-5338-42E3-930D-FCB26078DECE}.Debug|x86.Build.0 = Debug|Any CPU
		{5A11B567-5338-42E3-930D-FCB26078DECE}.Release|Any CPU.ActiveCfg = Release|Any CPU
		{5A11B567-5338-42E3-930D-FCB26078DECE}.Release|Any CPU.Build.0 = Release|Any CPU
		{5A11B567-5338-42E3-930D-FCB26078DECE}.Release|x64.ActiveCfg = Release|Any CPU
		{5A11B567-5338-42E3-930D-FCB26078DECE}.Release|x64.Build.0 = Release|Any CPU
		{5A11B567-5338-42E3-930D-FCB26078DECE}.Release|x86.ActiveCfg = Release|Any CPU
		{5A11B567-5338-42E3-930D-FCB26078DECE}.Release|x86.Build.0 = Release|Any CPU
		{4D663B7C-5AFB-01D3-DA9A-0C0E328519A4}.Debug|Any CPU.ActiveCfg = Debug|Any CPU
		{4D663B7C-5AFB-01D3-DA9A-0C0E328519A4}.Debug|Any CPU.Build.0 = Debug|Any CPU
		{4D663B7C-5AFB-01D3-DA9A-0C0E328519A4}.Debug|x64.ActiveCfg = Debug|Any CPU
		{4D663B7C-5AFB-01D3-DA9A-0C0E328519A4}.Debug|x64.Build.0 = Debug|Any CPU
		{4D663B7C-5AFB-01D3-DA9A-0C0E328519A4}.Debug|x86.ActiveCfg = Debug|Any CPU
		{4D663B7C-5AFB-01D3-DA9A-0C0E328519A4}.Debug|x86.Build.0 = Debug|Any CPU
		{4D663B7C-5AFB-01D3-DA9A-0C0E328519A4}.Release|Any CPU.ActiveCfg = Release|Any CPU
		{4D663B7C-5AFB-01D3-DA9A-0C0E328519A4}.Release|Any CPU.Build.0 = Release|Any CPU
		{4D663B7C-5AFB-01D3-DA9A-0C0E328519A4}.Release|x64.ActiveCfg = Release|Any CPU
		{4D663B7C-5AFB-01D3-DA9A-0C0E328519A4}.Release|x64.Build.0 = Release|Any CPU
		{4D663B7C-5AFB-01D3-DA9A-0C0E328519A4}.Release|x86.ActiveCfg = Release|Any CPU
		{4D663B7C-5AFB-01D3-DA9A-0C0E328519A4}.Release|x86.Build.0 = Release|Any CPU
	EndGlobalSection
	GlobalSection(SolutionProperties) = preSolution
		HideSolutionNode = FALSE
	EndGlobalSection
	GlobalSection(NestedProjects) = preSolution
		{BBC4614F-9008-4A7D-8925-A8BE5C7773AB} = {09F2C056-7069-4502-B195-CB6AB74AE86D}
		{493C3A32-8E53-47F2-846E-5B9D5C327326} = {09F2C056-7069-4502-B195-CB6AB74AE86D}
		{9E6B1607-00E6-4E49-B331-C7F95EBF69A5} = {5C26607E-528E-429D-842B-E2015FDBEDCF}
		{D803796E-C3D6-4A74-A204-A2C0B5B8A64F} = {5C26607E-528E-429D-842B-E2015FDBEDCF}
		{1D793C7F-6BDD-4901-BD34-364ACB3EA18E} = {5C26607E-528E-429D-842B-E2015FDBEDCF}
		{9973141C-A84A-4F9D-BEC1-96BC8A9E37AA} = {5C26607E-528E-429D-842B-E2015FDBEDCF}
		{3C43F37A-527B-49FD-B710-BC6D43F59D8F} = {5C26607E-528E-429D-842B-E2015FDBEDCF}
		{BFB3D72D-45CD-4967-B6B9-236F80E412FF} = {5C26607E-528E-429D-842B-E2015FDBEDCF}
		{0533F6DF-88AA-4709-AC81-A511F0CD0B30} = {5C26607E-528E-429D-842B-E2015FDBEDCF}
		{6B3917F8-9C0D-48F5-95A2-7F725E05CBFC} = {5C26607E-528E-429D-842B-E2015FDBEDCF}
		{E114002A-DD1C-4A5C-9B6D-B77D08DFCE72} = {09F2C056-7069-4502-B195-CB6AB74AE86D}
		{91740254-8AE3-4E00-ACDF-7DD028B6BE9A} = {09F2C056-7069-4502-B195-CB6AB74AE86D}
		{73FD86F9-5C24-42B8-B908-774244BBFD50} = {09F2C056-7069-4502-B195-CB6AB74AE86D}
		{50ED4AC7-BC91-4571-AE4F-23C259B5BDFB} = {09F2C056-7069-4502-B195-CB6AB74AE86D}
	EndGlobalSection
	GlobalSection(ExtensibilityGlobals) = postSolution
		SolutionGuid = {08526601-965A-46A9-881C-3866AD3CC253}
	EndGlobalSection
EndGlobal
