Microsoft Visual Studio Solution File, Format Version 12.00
# Visual Studio Version 17
VisualStudioVersion = 17.9.34616.47
MinimumVisualStudioVersion = 10.0.40219.1
Project("{2150E333-8FDC-42A3-9474-1A3956D46DE8}") = "Misc", "Misc", "{6DCED880-9496-44EC-8971-4E413CADE9C9}"
	ProjectSection(SolutionItems) = preProject
		.dockerignore = .dockerignore
		.gitignore = .gitignore
		appx-deploy.sh = appx-deploy.sh
		appx-ubuntu-install.sh = appx-ubuntu-install.sh
		appx.conf = appx.conf
		appx.service = appx.service
		clean.ps1 = clean.ps1
		DB_Init.sql = DB_Init.sql
		Directory.Build.props = Directory.Build.props
		docker-compose.yml = docker-compose.yml
		Dockerfile = Dockerfile
		mime.types = mime.types
		nginx.conf = nginx.conf
		nuget-publish.sh = nuget-publish.sh
		nuget-update.sh = nuget-update.sh
		NuGet.Config = NuGet.Config
		pack.sh = pack.sh
		..\README.md = ..\README.md
		rm-bin-obj.sh = rm-bin-obj.sh
		rm-vscode.sh = rm-vscode.sh
		run-migrations.ps1 = run-migrations.ps1
		update-database.ps1 = update-database.ps1
		upgrade-packages.ps1 = upgrade-packages.ps1
		upgrade.ps1 = upgrade.ps1
	EndProjectSection
EndProject
Project("{2150E333-8FDC-42A3-9474-1A3956D46DE8}") = "Tests", "Tests", "{1AC7C1B2-0A30-4387-B1DC-91F4BA1946F5}"
EndProject
Project("{9A19103F-16F7-4668-BE54-9A1E7A4F7556}") = "Microbians.SendGrid.Tests", "Microbians.SendGrid.Tests\Microbians.SendGrid.Tests.csproj", "{9C1FB638-C07C-47DD-B95C-31B59F02A72A}"
EndProject
Project("{9A19103F-16F7-4668-BE54-9A1E7A4F7556}") = "Microbians.Validators.Tests", "Microbians.Validators.Tests\Microbians.Validators.Tests.csproj", "{AE449644-4FAE-49AB-A6EA-72D6DBBD7D62}"
EndProject
Project("{9A19103F-16F7-4668-BE54-9A1E7A4F7556}") = "Microbians.Core.Tests", "Microbians.Core.Tests\Microbians.Core.Tests.csproj", "{31211A0C-1F26-4F4E-B4B9-AE61D5821264}"
EndProject
Project("{9A19103F-16F7-4668-BE54-9A1E7A4F7556}") = "Microbians.Persistence.Marten", "Microbians.Persistence.Marten\Microbians.Persistence.Marten.csproj", "{9046C49D-1D1C-4AD1-86DE-49D7576EDABC}"
EndProject
Project("{9A19103F-16F7-4668-BE54-9A1E7A4F7556}") = "Microbians.Common", "Microbians.Common\Microbians.Common.csproj", "{64375D79-3810-4AB5-95CB-2EC4700D79FD}"
EndProject
Project("{9A19103F-16F7-4668-BE54-9A1E7A4F7556}") = "Microbians.Core", "Microbians.Core\Microbians.Core.csproj", "{A3BCA587-2BF8-45AC-B94A-EE59B0D07021}"
EndProject
Project("{9A19103F-16F7-4668-BE54-9A1E7A4F7556}") = "Microbians.Common.Caching", "Microbians.Common.Caching\Microbians.Common.Caching.csproj", "{EB3A6AFC-8C59-4038-B4BD-E949709DF659}"
EndProject
Project("{9A19103F-16F7-4668-BE54-9A1E7A4F7556}") = "Microbians.Common.Web", "Microbians.Common.Web\Microbians.Common.Web.csproj", "{D732992A-4929-4715-B3BF-B2277ACBF039}"
EndProject
Project("{9A19103F-16F7-4668-BE54-9A1E7A4F7556}") = "Microbians.Models", "Microbians.Models\Microbians.Models.csproj", "{092EC8E9-894B-4561-8F53-094716A8AAA7}"
EndProject
Project("{9A19103F-16F7-4668-BE54-9A1E7A4F7556}") = "Microbians.Persistence", "Microbians.Persistence\Microbians.Persistence.csproj", "{E0F29086-8B41-43BA-9AC3-72661B055F04}"
EndProject
Project("{9A19103F-16F7-4668-BE54-9A1E7A4F7556}") = "Microbians.Actors", "Microbians.Actors\Microbians.Actors.csproj", "{5FA08587-5CB0-497E-AC14-2787FE34B6F7}"
EndProject
Project("{9A19103F-16F7-4668-BE54-9A1E7A4F7556}") = "Microbians.Blazor.Components", "Microbians.Blazor.Components\Microbians.Blazor.Components.csproj", "{C5B78AB4-04E2-4977-953B-21D4DEF35306}"
EndProject
Project("{9A19103F-16F7-4668-BE54-9A1E7A4F7556}") = "Microbians.Services", "Microbians.Services\Microbians.Services.csproj", "{AFCCDAC9-7A9A-4263-866A-57387A8D7B0E}"
EndProject
Project("{9A19103F-16F7-4668-BE54-9A1E7A4F7556}") = "Microbians.SignalR", "Microbians.SignalR\Microbians.SignalR.csproj", "{0F56678A-8D53-4029-8A3A-207A04947B43}"
EndProject
Project("{9A19103F-16F7-4668-BE54-9A1E7A4F7556}") = "Microbians.Validators", "Microbians.Validators\Microbians.Validators.csproj", "{AE79DDCE-D2CC-43D1-89A7-4E3A3810E2F4}"
EndProject
Project("{9A19103F-16F7-4668-BE54-9A1E7A4F7556}") = "Microbians.Piranha", "Microbians.Piranha\Microbians.Piranha.csproj", "{7B8147E4-9C00-40B0-9CE3-76D56EF04C40}"
EndProject
Global
	GlobalSection(SolutionConfigurationPlatforms) = preSolution
		Debug|Any CPU = Debug|Any CPU
		Release|Any CPU = Release|Any CPU
	EndGlobalSection
	GlobalSection(ProjectConfigurationPlatforms) = postSolution
		{9C1FB638-C07C-47DD-B95C-31B59F02A72A}.Debug|Any CPU.ActiveCfg = Debug|Any CPU
		{9C1FB638-C07C-47DD-B95C-31B59F02A72A}.Debug|Any CPU.Build.0 = Debug|Any CPU
		{9C1FB638-C07C-47DD-B95C-31B59F02A72A}.Release|Any CPU.ActiveCfg = Release|Any CPU
		{9C1FB638-C07C-47DD-B95C-31B59F02A72A}.Release|Any CPU.Build.0 = Release|Any CPU
		{AE449644-4FAE-49AB-A6EA-72D6DBBD7D62}.Debug|Any CPU.ActiveCfg = Debug|Any CPU
		{AE449644-4FAE-49AB-A6EA-72D6DBBD7D62}.Debug|Any CPU.Build.0 = Debug|Any CPU
		{AE449644-4FAE-49AB-A6EA-72D6DBBD7D62}.Release|Any CPU.ActiveCfg = Release|Any CPU
		{AE449644-4FAE-49AB-A6EA-72D6DBBD7D62}.Release|Any CPU.Build.0 = Release|Any CPU
		{31211A0C-1F26-4F4E-B4B9-AE61D5821264}.Debug|Any CPU.ActiveCfg = Debug|Any CPU
		{31211A0C-1F26-4F4E-B4B9-AE61D5821264}.Debug|Any CPU.Build.0 = Debug|Any CPU
		{31211A0C-1F26-4F4E-B4B9-AE61D5821264}.Release|Any CPU.ActiveCfg = Release|Any CPU
		{31211A0C-1F26-4F4E-B4B9-AE61D5821264}.Release|Any CPU.Build.0 = Release|Any CPU
		{9046C49D-1D1C-4AD1-86DE-49D7576EDABC}.Debug|Any CPU.ActiveCfg = Debug|Any CPU
		{9046C49D-1D1C-4AD1-86DE-49D7576EDABC}.Debug|Any CPU.Build.0 = Debug|Any CPU
		{9046C49D-1D1C-4AD1-86DE-49D7576EDABC}.Release|Any CPU.ActiveCfg = Release|Any CPU
		{9046C49D-1D1C-4AD1-86DE-49D7576EDABC}.Release|Any CPU.Build.0 = Release|Any CPU
		{64375D79-3810-4AB5-95CB-2EC4700D79FD}.Debug|Any CPU.ActiveCfg = Debug|Any CPU
		{64375D79-3810-4AB5-95CB-2EC4700D79FD}.Debug|Any CPU.Build.0 = Debug|Any CPU
		{64375D79-3810-4AB5-95CB-2EC4700D79FD}.Release|Any CPU.ActiveCfg = Release|Any CPU
		{64375D79-3810-4AB5-95CB-2EC4700D79FD}.Release|Any CPU.Build.0 = Release|Any CPU
		{A3BCA587-2BF8-45AC-B94A-EE59B0D07021}.Debug|Any CPU.ActiveCfg = Debug|Any CPU
		{A3BCA587-2BF8-45AC-B94A-EE59B0D07021}.Debug|Any CPU.Build.0 = Debug|Any CPU
		{A3BCA587-2BF8-45AC-B94A-EE59B0D07021}.Release|Any CPU.ActiveCfg = Release|Any CPU
		{A3BCA587-2BF8-45AC-B94A-EE59B0D07021}.Release|Any CPU.Build.0 = Release|Any CPU
		{EB3A6AFC-8C59-4038-B4BD-E949709DF659}.Debug|Any CPU.ActiveCfg = Debug|Any CPU
		{EB3A6AFC-8C59-4038-B4BD-E949709DF659}.Debug|Any CPU.Build.0 = Debug|Any CPU
		{EB3A6AFC-8C59-4038-B4BD-E949709DF659}.Release|Any CPU.ActiveCfg = Release|Any CPU
		{EB3A6AFC-8C59-4038-B4BD-E949709DF659}.Release|Any CPU.Build.0 = Release|Any CPU
		{D732992A-4929-4715-B3BF-B2277ACBF039}.Debug|Any CPU.ActiveCfg = Debug|Any CPU
		{D732992A-4929-4715-B3BF-B2277ACBF039}.Debug|Any CPU.Build.0 = Debug|Any CPU
		{D732992A-4929-4715-B3BF-B2277ACBF039}.Release|Any CPU.ActiveCfg = Release|Any CPU
		{D732992A-4929-4715-B3BF-B2277ACBF039}.Release|Any CPU.Build.0 = Release|Any CPU
		{092EC8E9-894B-4561-8F53-094716A8AAA7}.Debug|Any CPU.ActiveCfg = Debug|Any CPU
		{092EC8E9-894B-4561-8F53-094716A8AAA7}.Debug|Any CPU.Build.0 = Debug|Any CPU
		{092EC8E9-894B-4561-8F53-094716A8AAA7}.Release|Any CPU.ActiveCfg = Release|Any CPU
		{092EC8E9-894B-4561-8F53-094716A8AAA7}.Release|Any CPU.Build.0 = Release|Any CPU
		{E0F29086-8B41-43BA-9AC3-72661B055F04}.Debug|Any CPU.ActiveCfg = Debug|Any CPU
		{E0F29086-8B41-43BA-9AC3-72661B055F04}.Debug|Any CPU.Build.0 = Debug|Any CPU
		{E0F29086-8B41-43BA-9AC3-72661B055F04}.Release|Any CPU.ActiveCfg = Release|Any CPU
		{E0F29086-8B41-43BA-9AC3-72661B055F04}.Release|Any CPU.Build.0 = Release|Any CPU
		{5FA08587-5CB0-497E-AC14-2787FE34B6F7}.Debug|Any CPU.ActiveCfg = Debug|Any CPU
		{5FA08587-5CB0-497E-AC14-2787FE34B6F7}.Debug|Any CPU.Build.0 = Debug|Any CPU
		{5FA08587-5CB0-497E-AC14-2787FE34B6F7}.Release|Any CPU.ActiveCfg = Release|Any CPU
		{5FA08587-5CB0-497E-AC14-2787FE34B6F7}.Release|Any CPU.Build.0 = Release|Any CPU
		{C5B78AB4-04E2-4977-953B-21D4DEF35306}.Debug|Any CPU.ActiveCfg = Debug|Any CPU
		{C5B78AB4-04E2-4977-953B-21D4DEF35306}.Debug|Any CPU.Build.0 = Debug|Any CPU
		{C5B78AB4-04E2-4977-953B-21D4DEF35306}.Release|Any CPU.ActiveCfg = Release|Any CPU
		{C5B78AB4-04E2-4977-953B-21D4DEF35306}.Release|Any CPU.Build.0 = Release|Any CPU
		{AFCCDAC9-7A9A-4263-866A-57387A8D7B0E}.Debug|Any CPU.ActiveCfg = Debug|Any CPU
		{AFCCDAC9-7A9A-4263-866A-57387A8D7B0E}.Debug|Any CPU.Build.0 = Debug|Any CPU
		{AFCCDAC9-7A9A-4263-866A-57387A8D7B0E}.Release|Any CPU.ActiveCfg = Release|Any CPU
		{AFCCDAC9-7A9A-4263-866A-57387A8D7B0E}.Release|Any CPU.Build.0 = Release|Any CPU
		{0F56678A-8D53-4029-8A3A-207A04947B43}.Debug|Any CPU.ActiveCfg = Debug|Any CPU
		{0F56678A-8D53-4029-8A3A-207A04947B43}.Debug|Any CPU.Build.0 = Debug|Any CPU
		{0F56678A-8D53-4029-8A3A-207A04947B43}.Release|Any CPU.ActiveCfg = Release|Any CPU
		{0F56678A-8D53-4029-8A3A-207A04947B43}.Release|Any CPU.Build.0 = Release|Any CPU
		{AE79DDCE-D2CC-43D1-89A7-4E3A3810E2F4}.Debug|Any CPU.ActiveCfg = Debug|Any CPU
		{AE79DDCE-D2CC-43D1-89A7-4E3A3810E2F4}.Debug|Any CPU.Build.0 = Debug|Any CPU
		{AE79DDCE-D2CC-43D1-89A7-4E3A3810E2F4}.Release|Any CPU.ActiveCfg = Release|Any CPU
		{AE79DDCE-D2CC-43D1-89A7-4E3A3810E2F4}.Release|Any CPU.Build.0 = Release|Any CPU
		{7B8147E4-9C00-40B0-9CE3-76D56EF04C40}.Debug|Any CPU.ActiveCfg = Debug|Any CPU
		{7B8147E4-9C00-40B0-9CE3-76D56EF04C40}.Debug|Any CPU.Build.0 = Debug|Any CPU
		{7B8147E4-9C00-40B0-9CE3-76D56EF04C40}.Release|Any CPU.ActiveCfg = Release|Any CPU
		{7B8147E4-9C00-40B0-9CE3-76D56EF04C40}.Release|Any CPU.Build.0 = Release|Any CPU
	EndGlobalSection
	GlobalSection(SolutionProperties) = preSolution
		HideSolutionNode = FALSE
	EndGlobalSection
	GlobalSection(NestedProjects) = preSolution
		{9C1FB638-C07C-47DD-B95C-31B59F02A72A} = {1AC7C1B2-0A30-4387-B1DC-91F4BA1946F5}
		{AE449644-4FAE-49AB-A6EA-72D6DBBD7D62} = {1AC7C1B2-0A30-4387-B1DC-91F4BA1946F5}
		{31211A0C-1F26-4F4E-B4B9-AE61D5821264} = {1AC7C1B2-0A30-4387-B1DC-91F4BA1946F5}
	EndGlobalSection
	GlobalSection(ExtensibilityGlobals) = postSolution
		SolutionGuid = {7B807769-1B15-4894-AC21-ABF6A3BC32C8}
	EndGlobalSection
EndGlobal
